
Microsoft Visual Studio Solution File, Format Version 12.00
# Visual Studio Version 17
VisualStudioVersion = 17.2.32630.192
MinimumVisualStudioVersion = 10.0.40219.1
Project("{9A19103F-16F7-4668-BE54-9A1E7A4F7556}") = "MrktProduto.Api", "MrktProduto.Api\MrktProduto.Api.csproj", "{E9EBB59E-60BA-4BA8-B758-D31909D1174F}"
EndProject
Project("{9A19103F-16F7-4668-BE54-9A1E7A4F7556}") = "MrktProduto.Application", "MrktProduto.Application\MrktProduto.Application.csproj", "{334C6123-6D9E-4193-BFD4-4F77451C7469}"
EndProject
Project("{9A19103F-16F7-4668-BE54-9A1E7A4F7556}") = "MrktProduto.Domain", "MrktProduto.Domain\MrktProduto.Domain.csproj", "{AFF8E96C-B392-4176-AFE3-8CB8D80AF688}"
EndProject
Project("{9A19103F-16F7-4668-BE54-9A1E7A4F7556}") = "MrktProduto.Repository", "MrktProduto.Repository\MrktProduto.Repository.csproj", "{59BA201B-C6B7-412C-8845-F6B9A5F1B394}"
EndProject
Project("{9A19103F-16F7-4668-BE54-9A1E7A4F7556}") = "MrktProduto.CrossCutting", "MrktProduto.CrossCutting\MrktProduto.CrossCutting.csproj", "{7E6C6537-2B35-4E4B-897C-8A6CE86ED7A4}"
EndProject
Global
	GlobalSection(SolutionConfigurationPlatforms) = preSolution
		Debug|Any CPU = Debug|Any CPU
		Release|Any CPU = Release|Any CPU
	EndGlobalSection
	GlobalSection(ProjectConfigurationPlatforms) = postSolution
		{E9EBB59E-60BA-4BA8-B758-D31909D1174F}.Debug|Any CPU.ActiveCfg = Debug|Any CPU
		{E9EBB59E-60BA-4BA8-B758-D31909D1174F}.Debug|Any CPU.Build.0 = Debug|Any CPU
		{E9EBB59E-60BA-4BA8-B758-D31909D1174F}.Release|Any CPU.ActiveCfg = Release|Any CPU
		{E9EBB59E-60BA-4BA8-B758-D31909D1174F}.Release|Any CPU.Build.0 = Release|Any CPU
		{334C6123-6D9E-4193-BFD4-4F77451C7469}.Debug|Any CPU.ActiveCfg = Debug|Any CPU
		{334C6123-6D9E-4193-BFD4-4F77451C7469}.Debug|Any CPU.Build.0 = Debug|Any CPU
		{334C6123-6D9E-4193-BFD4-4F77451C7469}.Release|Any CPU.ActiveCfg = Release|Any CPU
		{334C6123-6D9E-4193-BFD4-4F77451C7469}.Release|Any CPU.Build.0 = Release|Any CPU
		{AFF8E96C-B392-4176-AFE3-8CB8D80AF688}.Debug|Any CPU.ActiveCfg = Debug|Any CPU
		{AFF8E96C-B392-4176-AFE3-8CB8D80AF688}.Debug|Any CPU.Build.0 = Debug|Any CPU
		{AFF8E96C-B392-4176-AFE3-8CB8D80AF688}.Release|Any CPU.ActiveCfg = Release|Any CPU
		{AFF8E96C-B392-4176-AFE3-8CB8D80AF688}.Release|Any CPU.Build.0 = Release|Any CPU
		{59BA201B-C6B7-412C-8845-F6B9A5F1B394}.Debug|Any CPU.ActiveCfg = Debug|Any CPU
		{59BA201B-C6B7-412C-8845-F6B9A5F1B394}.Debug|Any CPU.Build.0 = Debug|Any CPU
		{59BA201B-C6B7-412C-8845-F6B9A5F1B394}.Release|Any CPU.ActiveCfg = Release|Any CPU
		{59BA201B-C6B7-412C-8845-F6B9A5F1B394}.Release|Any CPU.Build.0 = Release|Any CPU
		{7E6C6537-2B35-4E4B-897C-8A6CE86ED7A4}.Debug|Any CPU.ActiveCfg = Debug|Any CPU
		{7E6C6537-2B35-4E4B-897C-8A6CE86ED7A4}.Debug|Any CPU.Build.0 = Debug|Any CPU
		{7E6C6537-2B35-4E4B-897C-8A6CE86ED7A4}.Release|Any CPU.ActiveCfg = Release|Any CPU
		{7E6C6537-2B35-4E4B-897C-8A6CE86ED7A4}.Release|Any CPU.Build.0 = Release|Any CPU
	EndGlobalSection
	GlobalSection(SolutionProperties) = preSolution
		HideSolutionNode = FALSE
	EndGlobalSection
	GlobalSection(ExtensibilityGlobals) = postSolution
		SolutionGuid = {A9256D57-61C7-4A03-86DD-815CA7316A37}
	EndGlobalSection
EndGlobal
